
Microsoft Visual Studio Solution File, Format Version 12.00
# Visual Studio 15
VisualStudioVersion = 15.0.28010.2041
MinimumVisualStudioVersion = 10.0.40219.1
Project("{9A19103F-16F7-4668-BE54-9A1E7A4F7556}") = "LincsWillScraper", "LincsWillScraper\LincsWillScraper.csproj", "{47729E84-B15F-4A93-89A6-24C2B2FDDF74}"
EndProject
Project("{9A19103F-16F7-4668-BE54-9A1E7A4F7556}") = "RootsReader", "RootsReader\RootsReader.csproj", "{EEB791D7-F2CF-4388-B465-68FDA05DDB87}"
EndProject
Project("{9A19103F-16F7-4668-BE54-9A1E7A4F7556}") = "RootsLib", "RootsLib\RootsLib.csproj", "{D1AA76ED-9DA3-403E-A330-B062B6B08564}"
EndProject
Project("{9A19103F-16F7-4668-BE54-9A1E7A4F7556}") = "DNAGedLib", "DNAGedLib\DNAGedLib.csproj", "{05F1217E-4C52-40EB-A345-B327E4AB75FD}"
EndProject
Project("{9A19103F-16F7-4668-BE54-9A1E7A4F7556}") = "PlaceLib", "PlaceLib\PlaceLib.csproj", "{98717879-840C-4FA3-9543-DD2B05F8D375}"
EndProject
Project("{9A19103F-16F7-4668-BE54-9A1E7A4F7556}") = "GedcomImporter", "GedcomImporter\GedcomImporter.csproj", "{A2EA3D5C-36E8-4186-92FC-61AA1E20536A}"
EndProject
Project("{9A19103F-16F7-4668-BE54-9A1E7A4F7556}") = "GenDBContext", "GenDBContext\GenDBContext.csproj", "{2CBCCDD8-DBAF-481A-84D0-BC63EAE82B45}"
EndProject
Project("{9A19103F-16F7-4668-BE54-9A1E7A4F7556}") = "PersonDupeLib", "PersonDupeLib\PersonDupeLib.csproj", "{ACB08235-F7D9-4373-9454-4B57EAF9B22C}"
EndProject
Project("{9A19103F-16F7-4668-BE54-9A1E7A4F7556}") = "GenealogyTools", "GenealogyTools\GenealogyTools.csproj", "{CAC30D30-8060-43B3-89A3-8D3F171903A1}"
EndProject
Project("{FAE04EC0-301F-11D3-BF4B-00C04F79EFBC}") = "AzureContext", "AzureContext\AzureContext.csproj", "{2034D27F-72FF-41DA-9955-C42304190435}"
EndProject
Global
	GlobalSection(SolutionConfigurationPlatforms) = preSolution
		Debug|Any CPU = Debug|Any CPU
		Release|Any CPU = Release|Any CPU
	EndGlobalSection
	GlobalSection(ProjectConfigurationPlatforms) = postSolution
		{47729E84-B15F-4A93-89A6-24C2B2FDDF74}.Debug|Any CPU.ActiveCfg = Debug|Any CPU
		{47729E84-B15F-4A93-89A6-24C2B2FDDF74}.Debug|Any CPU.Build.0 = Debug|Any CPU
		{47729E84-B15F-4A93-89A6-24C2B2FDDF74}.Release|Any CPU.ActiveCfg = Release|Any CPU
		{47729E84-B15F-4A93-89A6-24C2B2FDDF74}.Release|Any CPU.Build.0 = Release|Any CPU
		{EEB791D7-F2CF-4388-B465-68FDA05DDB87}.Debug|Any CPU.ActiveCfg = Debug|Any CPU
		{EEB791D7-F2CF-4388-B465-68FDA05DDB87}.Debug|Any CPU.Build.0 = Debug|Any CPU
		{EEB791D7-F2CF-4388-B465-68FDA05DDB87}.Release|Any CPU.ActiveCfg = Release|Any CPU
		{EEB791D7-F2CF-4388-B465-68FDA05DDB87}.Release|Any CPU.Build.0 = Release|Any CPU
		{D1AA76ED-9DA3-403E-A330-B062B6B08564}.Debug|Any CPU.ActiveCfg = Debug|Any CPU
		{D1AA76ED-9DA3-403E-A330-B062B6B08564}.Debug|Any CPU.Build.0 = Debug|Any CPU
		{D1AA76ED-9DA3-403E-A330-B062B6B08564}.Release|Any CPU.ActiveCfg = Release|Any CPU
		{D1AA76ED-9DA3-403E-A330-B062B6B08564}.Release|Any CPU.Build.0 = Release|Any CPU
		{05F1217E-4C52-40EB-A345-B327E4AB75FD}.Debug|Any CPU.ActiveCfg = Debug|Any CPU
		{05F1217E-4C52-40EB-A345-B327E4AB75FD}.Debug|Any CPU.Build.0 = Debug|Any CPU
		{05F1217E-4C52-40EB-A345-B327E4AB75FD}.Release|Any CPU.ActiveCfg = Release|Any CPU
		{05F1217E-4C52-40EB-A345-B327E4AB75FD}.Release|Any CPU.Build.0 = Release|Any CPU
		{98717879-840C-4FA3-9543-DD2B05F8D375}.Debug|Any CPU.ActiveCfg = Debug|Any CPU
		{98717879-840C-4FA3-9543-DD2B05F8D375}.Debug|Any CPU.Build.0 = Debug|Any CPU
		{98717879-840C-4FA3-9543-DD2B05F8D375}.Release|Any CPU.ActiveCfg = Release|Any CPU
		{98717879-840C-4FA3-9543-DD2B05F8D375}.Release|Any CPU.Build.0 = Release|Any CPU
		{A2EA3D5C-36E8-4186-92FC-61AA1E20536A}.Debug|Any CPU.ActiveCfg = Debug|Any CPU
		{A2EA3D5C-36E8-4186-92FC-61AA1E20536A}.Debug|Any CPU.Build.0 = Debug|Any CPU
		{A2EA3D5C-36E8-4186-92FC-61AA1E20536A}.Release|Any CPU.ActiveCfg = Release|Any CPU
		{A2EA3D5C-36E8-4186-92FC-61AA1E20536A}.Release|Any CPU.Build.0 = Release|Any CPU
		{2CBCCDD8-DBAF-481A-84D0-BC63EAE82B45}.Debug|Any CPU.ActiveCfg = Debug|Any CPU
		{2CBCCDD8-DBAF-481A-84D0-BC63EAE82B45}.Debug|Any CPU.Build.0 = Debug|Any CPU
		{2CBCCDD8-DBAF-481A-84D0-BC63EAE82B45}.Release|Any CPU.ActiveCfg = Release|Any CPU
		{2CBCCDD8-DBAF-481A-84D0-BC63EAE82B45}.Release|Any CPU.Build.0 = Release|Any CPU
		{ACB08235-F7D9-4373-9454-4B57EAF9B22C}.Debug|Any CPU.ActiveCfg = Debug|Any CPU
		{ACB08235-F7D9-4373-9454-4B57EAF9B22C}.Debug|Any CPU.Build.0 = Debug|Any CPU
		{ACB08235-F7D9-4373-9454-4B57EAF9B22C}.Release|Any CPU.ActiveCfg = Release|Any CPU
		{ACB08235-F7D9-4373-9454-4B57EAF9B22C}.Release|Any CPU.Build.0 = Release|Any CPU
		{CAC30D30-8060-43B3-89A3-8D3F171903A1}.Debug|Any CPU.ActiveCfg = Debug|Any CPU
		{CAC30D30-8060-43B3-89A3-8D3F171903A1}.Debug|Any CPU.Build.0 = Debug|Any CPU
		{CAC30D30-8060-43B3-89A3-8D3F171903A1}.Release|Any CPU.ActiveCfg = Release|Any CPU
		{CAC30D30-8060-43B3-89A3-8D3F171903A1}.Release|Any CPU.Build.0 = Release|Any CPU
		{2034D27F-72FF-41DA-9955-C42304190435}.Debug|Any CPU.ActiveCfg = Debug|Any CPU
		{2034D27F-72FF-41DA-9955-C42304190435}.Debug|Any CPU.Build.0 = Debug|Any CPU
		{2034D27F-72FF-41DA-9955-C42304190435}.Release|Any CPU.ActiveCfg = Release|Any CPU
		{2034D27F-72FF-41DA-9955-C42304190435}.Release|Any CPU.Build.0 = Release|Any CPU
	EndGlobalSection
	GlobalSection(SolutionProperties) = preSolution
		HideSolutionNode = FALSE
	EndGlobalSection
	GlobalSection(ExtensibilityGlobals) = postSolution
		SolutionGuid = {DC910791-ECE4-47E6-BC3F-72F91596FEEF}
	EndGlobalSection
EndGlobal
