
Microsoft Visual Studio Solution File, Format Version 12.00
# Visual Studio Version 17
VisualStudioVersion = 17.2.32602.215
MinimumVisualStudioVersion = 10.0.40219.1
Project("{9A19103F-16F7-4668-BE54-9A1E7A4F7556}") = "AzureContext", "AzureContext\AzureContext.csproj", "{2034D27F-72FF-41DA-9955-C42304190435}"
EndProject
Project("{9A19103F-16F7-4668-BE54-9A1E7A4F7556}") = "GenDataAPI", "GenDataAPI\GenDataAPI.csproj", "{95778526-ECA7-4C38-A6AD-2BBC69DD7823}"
EndProject
Project("{9A19103F-16F7-4668-BE54-9A1E7A4F7556}") = "FTMConsole2", "FTMConsole2\FTMConsole2.csproj", "{A8DE8C9F-5145-4515-80A5-D24C3543322D}"
EndProject
Project("{9A19103F-16F7-4668-BE54-9A1E7A4F7556}") = "PlaceLibNet", "PlaceLibNet\PlaceLibNet.csproj", "{A1F38B3F-05C3-4797-8783-2A24DDE22726}"
EndProject
Project("{9A19103F-16F7-4668-BE54-9A1E7A4F7556}") = "FTMContextNet", "FTMContextNet\FTMContextNet.csproj", "{B6824CDD-CD5F-446F-9D06-475358649D7D}"
EndProject
Project("{9A19103F-16F7-4668-BE54-9A1E7A4F7556}") = "ConfigHelper", "ConfigHelper\ConfigHelper.csproj", "{AD4614C4-0F64-4491-9502-ABF898AA4A41}"
EndProject
Project("{9A19103F-16F7-4668-BE54-9A1E7A4F7556}") = "LoggingLib", "LoggingLib\LoggingLib.csproj", "{200E6D88-0F8B-4431-AC58-D75162197AB9}"
EndProject
Project("{9A19103F-16F7-4668-BE54-9A1E7A4F7556}") = "QuickGed", "QuickGed\QuickGed.csproj", "{E618DA4E-3ED5-41C6-BA73-A0A67C0BCA95}"
EndProject
Project("{9A19103F-16F7-4668-BE54-9A1E7A4F7556}") = "FTMContextNet.Tests", "FTMContextNet.Tests\FTMContextNet.Tests.csproj", "{41D857F5-1CF5-4849-917D-2CED69CF7516}"
EndProject
Global
	GlobalSection(SolutionConfigurationPlatforms) = preSolution
		Debug|Any CPU = Debug|Any CPU
		Release|Any CPU = Release|Any CPU
	EndGlobalSection
	GlobalSection(ProjectConfigurationPlatforms) = postSolution
		{2034D27F-72FF-41DA-9955-C42304190435}.Debug|Any CPU.ActiveCfg = Debug|Any CPU
		{2034D27F-72FF-41DA-9955-C42304190435}.Debug|Any CPU.Build.0 = Debug|Any CPU
		{2034D27F-72FF-41DA-9955-C42304190435}.Release|Any CPU.ActiveCfg = Release|Any CPU
		{2034D27F-72FF-41DA-9955-C42304190435}.Release|Any CPU.Build.0 = Release|Any CPU
		{95778526-ECA7-4C38-A6AD-2BBC69DD7823}.Debug|Any CPU.ActiveCfg = Debug|Any CPU
		{95778526-ECA7-4C38-A6AD-2BBC69DD7823}.Debug|Any CPU.Build.0 = Debug|Any CPU
		{95778526-ECA7-4C38-A6AD-2BBC69DD7823}.Release|Any CPU.ActiveCfg = Release|Any CPU
		{95778526-ECA7-4C38-A6AD-2BBC69DD7823}.Release|Any CPU.Build.0 = Release|Any CPU
		{A8DE8C9F-5145-4515-80A5-D24C3543322D}.Debug|Any CPU.ActiveCfg = Debug|Any CPU
		{A8DE8C9F-5145-4515-80A5-D24C3543322D}.Debug|Any CPU.Build.0 = Debug|Any CPU
		{A8DE8C9F-5145-4515-80A5-D24C3543322D}.Release|Any CPU.ActiveCfg = Release|Any CPU
		{A8DE8C9F-5145-4515-80A5-D24C3543322D}.Release|Any CPU.Build.0 = Release|Any CPU
		{A1F38B3F-05C3-4797-8783-2A24DDE22726}.Debug|Any CPU.ActiveCfg = Debug|Any CPU
		{A1F38B3F-05C3-4797-8783-2A24DDE22726}.Debug|Any CPU.Build.0 = Debug|Any CPU
		{A1F38B3F-05C3-4797-8783-2A24DDE22726}.Release|Any CPU.ActiveCfg = Release|Any CPU
		{A1F38B3F-05C3-4797-8783-2A24DDE22726}.Release|Any CPU.Build.0 = Release|Any CPU
		{B6824CDD-CD5F-446F-9D06-475358649D7D}.Debug|Any CPU.ActiveCfg = Debug|Any CPU
		{B6824CDD-CD5F-446F-9D06-475358649D7D}.Debug|Any CPU.Build.0 = Debug|Any CPU
		{B6824CDD-CD5F-446F-9D06-475358649D7D}.Release|Any CPU.ActiveCfg = Release|Any CPU
		{B6824CDD-CD5F-446F-9D06-475358649D7D}.Release|Any CPU.Build.0 = Release|Any CPU
		{AD4614C4-0F64-4491-9502-ABF898AA4A41}.Debug|Any CPU.ActiveCfg = Debug|Any CPU
		{AD4614C4-0F64-4491-9502-ABF898AA4A41}.Debug|Any CPU.Build.0 = Debug|Any CPU
		{AD4614C4-0F64-4491-9502-ABF898AA4A41}.Release|Any CPU.ActiveCfg = Release|Any CPU
		{AD4614C4-0F64-4491-9502-ABF898AA4A41}.Release|Any CPU.Build.0 = Release|Any CPU
		{200E6D88-0F8B-4431-AC58-D75162197AB9}.Debug|Any CPU.ActiveCfg = Debug|Any CPU
		{200E6D88-0F8B-4431-AC58-D75162197AB9}.Debug|Any CPU.Build.0 = Debug|Any CPU
		{200E6D88-0F8B-4431-AC58-D75162197AB9}.Release|Any CPU.ActiveCfg = Release|Any CPU
		{200E6D88-0F8B-4431-AC58-D75162197AB9}.Release|Any CPU.Build.0 = Release|Any CPU
		{E618DA4E-3ED5-41C6-BA73-A0A67C0BCA95}.Debug|Any CPU.ActiveCfg = Debug|Any CPU
		{E618DA4E-3ED5-41C6-BA73-A0A67C0BCA95}.Debug|Any CPU.Build.0 = Debug|Any CPU
		{E618DA4E-3ED5-41C6-BA73-A0A67C0BCA95}.Release|Any CPU.ActiveCfg = Release|Any CPU
		{E618DA4E-3ED5-41C6-BA73-A0A67C0BCA95}.Release|Any CPU.Build.0 = Release|Any CPU
		{41D857F5-1CF5-4849-917D-2CED69CF7516}.Debug|Any CPU.ActiveCfg = Debug|Any CPU
		{41D857F5-1CF5-4849-917D-2CED69CF7516}.Debug|Any CPU.Build.0 = Debug|Any CPU
		{41D857F5-1CF5-4849-917D-2CED69CF7516}.Release|Any CPU.ActiveCfg = Release|Any CPU
		{41D857F5-1CF5-4849-917D-2CED69CF7516}.Release|Any CPU.Build.0 = Release|Any CPU
	EndGlobalSection
	GlobalSection(SolutionProperties) = preSolution
		HideSolutionNode = FALSE
	EndGlobalSection
	GlobalSection(ExtensibilityGlobals) = postSolution
		SolutionGuid = {DC910791-ECE4-47E6-BC3F-72F91596FEEF}
	EndGlobalSection
	GlobalSection(Performance) = preSolution
		HasPerformanceSessions = true
	EndGlobalSection
EndGlobal
