Microsoft Visual Studio Solution File, Format Version 12.00
# Visual Studio Version 16
VisualStudioVersion = 16.0.30804.86
MinimumVisualStudioVersion = 10.0.40219.1
Project("{FAE04EC0-301F-11D3-BF4B-00C04F79EFBC}") = "Dates", "Dates.csproj", "{43B41038-9021-4F72-8872-19834454577C}"
EndProject
Project("{FAE04EC0-301F-11D3-BF4B-00C04F79EFBC}") = "ConsoleApp1", "..\ConsoleApp1\ConsoleApp1.csproj", "{AC784720-F480-4AA4-9930-567538EB2D03}"
EndProject
Global
	GlobalSection(SolutionConfigurationPlatforms) = preSolution
		Debug|Any CPU = Debug|Any CPU
		Release|Any CPU = Release|Any CPU
	EndGlobalSection
	GlobalSection(ProjectConfigurationPlatforms) = postSolution
		{43B41038-9021-4F72-8872-19834454577C}.Debug|Any CPU.ActiveCfg = Debug|Any CPU
		{43B41038-9021-4F72-8872-19834454577C}.Debug|Any CPU.Build.0 = Debug|Any CPU
		{43B41038-9021-4F72-8872-19834454577C}.Release|Any CPU.ActiveCfg = Release|Any CPU
		{43B41038-9021-4F72-8872-19834454577C}.Release|Any CPU.Build.0 = Release|Any CPU
		{AC784720-F480-4AA4-9930-567538EB2D03}.Debug|Any CPU.ActiveCfg = Debug|Any CPU
		{AC784720-F480-4AA4-9930-567538EB2D03}.Debug|Any CPU.Build.0 = Debug|Any CPU
		{AC784720-F480-4AA4-9930-567538EB2D03}.Release|Any CPU.ActiveCfg = Release|Any CPU
		{AC784720-F480-4AA4-9930-567538EB2D03}.Release|Any CPU.Build.0 = Release|Any CPU
	EndGlobalSection
	GlobalSection(SolutionProperties) = preSolution
		HideSolutionNode = FALSE
	EndGlobalSection
	GlobalSection(ExtensibilityGlobals) = postSolution
		SolutionGuid = {6B385E2A-A2ED-40AE-9E70-144635A5B72F}
	EndGlobalSection
EndGlobal
